github.com/davecgh/go-spew v1.1.1 h1:vj9j/u1bqnvCEfJOwUhtlOARqs3+rkHYY13jYWTU97c=
github.com/davecgh/go-spew v1.1.1/go.mod h1:J7Y8YcW2NihsgmVo/mv3lAwl/skON4iLHjSsI+c5H38=
github.com/maquinas07/golibs v0.0.0-20231206051849-e725bd338e73 h1:2Oh+x0SpXT+6FQDppMflU2zerN342kUtG287AuD7K+0=
github.com/maquinas07/golibs v0.0.0-20231206051849-e725bd338e73/go.mod h1:o18NV5ageoDql7y5rMAhRzuLw4l0eaTwoLzawjsHdnI=
github.com/maquinas07/gosub v0.0.0-20231127062513-75670ab9bbac h1:qzhWtMpPdCv4fyJqdwh8OCy5IjmjTG842HwXCf7zMLg=
github.com/maquinas07/gosub v0.0.0-20231127062513-75670ab9bbac/go.mod h1:XICVeR6vy+xd8x71bCY90Q/7HeOaM3xDL7y2H128oA4=
github.com/pmezard/go-difflib v1.0.0 h1:4DBwDE0NGyQoBHbLQYPwSUPoCMWR5BEzIk/f1lZbAQM=
github.com/pmezard/go-difflib v1.0.0/go.mod h1:iKH77koFhYxTK1pcRnkKkqfTogsbg7gZNVY4sRDYZ/4=
github.com/stretchr/testify v1.8.4 h1:CcVxjf3Q8PM0mHUKJCdn+eZZtm5yQwehR5yeSVQQcUk=
github.com/stretchr/testify v1.8.4/go.mod h1:sz/lmYIOXD/1dqDmKjjqLyZ2RngseejIcXlSw2iwfAo=
gopkg.in/check.v1 v0.0.0-20161208181325-20d25e280405/go.mod h1:Co6ibVJAznAaIkqp8huTwlJQCZ016jof/cbN4VW5Yz0=
gopkg.in/yaml.v3 v3.0.1 h1:fxVm/GzAzEWqLHuvctI91KS9hhNmmWOoWu0XTYJS7CA=
gopkg.in/yaml.v3 v3.0.1/go.mod h1:K4uyk7z7BCEPqu6E+C64Yfv1cQ7kz7rIZviUmN+EgEM=
